
Microsoft Visual Studio Solution File, Format Version 12.00
# Visual Studio Version 16
VisualStudioVersion = 16.0.29806.167
MinimumVisualStudioVersion = 10.0.40219.1
Project("{9A19103F-16F7-4668-BE54-9A1E7A4F7556}") = "Dotnet", "Dotnet\Dotnet.csproj", "{1DF927E3-7492-4762-A14A-336143107FAA}"
EndProject
Project("{9A19103F-16F7-4668-BE54-9A1E7A4F7556}") = "ConsoleApp1", "ConsoleApp1\ConsoleApp1.csproj", "{5682241C-502B-4A49-A279-926385CA288D}"
EndProject
Project("{9A19103F-16F7-4668-BE54-9A1E7A4F7556}") = "ConsoleApp2", "ConsoleApp2\ConsoleApp2.csproj", "{0DB43A5B-C231-4BD1-85B4-2A80F05DDB27}"
EndProject
Project("{9A19103F-16F7-4668-BE54-9A1E7A4F7556}") = "ConsoleApp3", "ConsoleApp3\ConsoleApp3.csproj", "{79DB9DB6-C42E-418A-960A-2F7A7FB36A86}"
EndProject
Project("{9A19103F-16F7-4668-BE54-9A1E7A4F7556}") = "ConsoleApp4", "ConsoleApp4\ConsoleApp4.csproj", "{9C4E7D89-FD80-49F1-9DA1-2B15EB7EAB66}"
EndProject
Project("{FAE04EC0-301F-11D3-BF4B-00C04F79EFBC}") = "ConsoleApp5", "ConsoleApp5\ConsoleApp5.csproj", "{E926FB01-DDBC-44AC-9F7F-6941F710A53A}"
EndProject
Project("{FAE04EC0-301F-11D3-BF4B-00C04F79EFBC}") = "ConsoleApp6", "ConsoleApp6\ConsoleApp6.csproj", "{99885E48-CA1E-487C-A5C5-E60E37DB79F7}"
EndProject
Project("{FAE04EC0-301F-11D3-BF4B-00C04F79EFBC}") = "ConsoleApp7", "ConsoleApp7\ConsoleApp7.csproj", "{8B524671-A554-4734-99E4-B0886571A802}"
EndProject
Global
	GlobalSection(SolutionConfigurationPlatforms) = preSolution
		Debug|Any CPU = Debug|Any CPU
		Release|Any CPU = Release|Any CPU
	EndGlobalSection
	GlobalSection(ProjectConfigurationPlatforms) = postSolution
		{1DF927E3-7492-4762-A14A-336143107FAA}.Debug|Any CPU.ActiveCfg = Debug|Any CPU
		{1DF927E3-7492-4762-A14A-336143107FAA}.Debug|Any CPU.Build.0 = Debug|Any CPU
		{1DF927E3-7492-4762-A14A-336143107FAA}.Release|Any CPU.ActiveCfg = Release|Any CPU
		{1DF927E3-7492-4762-A14A-336143107FAA}.Release|Any CPU.Build.0 = Release|Any CPU
		{5682241C-502B-4A49-A279-926385CA288D}.Debug|Any CPU.ActiveCfg = Debug|Any CPU
		{5682241C-502B-4A49-A279-926385CA288D}.Debug|Any CPU.Build.0 = Debug|Any CPU
		{5682241C-502B-4A49-A279-926385CA288D}.Release|Any CPU.ActiveCfg = Release|Any CPU
		{5682241C-502B-4A49-A279-926385CA288D}.Release|Any CPU.Build.0 = Release|Any CPU
		{0DB43A5B-C231-4BD1-85B4-2A80F05DDB27}.Debug|Any CPU.ActiveCfg = Debug|Any CPU
		{0DB43A5B-C231-4BD1-85B4-2A80F05DDB27}.Debug|Any CPU.Build.0 = Debug|Any CPU
		{0DB43A5B-C231-4BD1-85B4-2A80F05DDB27}.Release|Any CPU.ActiveCfg = Release|Any CPU
		{0DB43A5B-C231-4BD1-85B4-2A80F05DDB27}.Release|Any CPU.Build.0 = Release|Any CPU
		{79DB9DB6-C42E-418A-960A-2F7A7FB36A86}.Debug|Any CPU.ActiveCfg = Debug|Any CPU
		{79DB9DB6-C42E-418A-960A-2F7A7FB36A86}.Debug|Any CPU.Build.0 = Debug|Any CPU
		{79DB9DB6-C42E-418A-960A-2F7A7FB36A86}.Release|Any CPU.ActiveCfg = Release|Any CPU
		{79DB9DB6-C42E-418A-960A-2F7A7FB36A86}.Release|Any CPU.Build.0 = Release|Any CPU
		{9C4E7D89-FD80-49F1-9DA1-2B15EB7EAB66}.Debug|Any CPU.ActiveCfg = Debug|Any CPU
		{9C4E7D89-FD80-49F1-9DA1-2B15EB7EAB66}.Debug|Any CPU.Build.0 = Debug|Any CPU
		{9C4E7D89-FD80-49F1-9DA1-2B15EB7EAB66}.Release|Any CPU.ActiveCfg = Release|Any CPU
		{9C4E7D89-FD80-49F1-9DA1-2B15EB7EAB66}.Release|Any CPU.Build.0 = Release|Any CPU
		{E926FB01-DDBC-44AC-9F7F-6941F710A53A}.Debug|Any CPU.ActiveCfg = Debug|Any CPU
		{E926FB01-DDBC-44AC-9F7F-6941F710A53A}.Debug|Any CPU.Build.0 = Debug|Any CPU
		{E926FB01-DDBC-44AC-9F7F-6941F710A53A}.Release|Any CPU.ActiveCfg = Release|Any CPU
		{E926FB01-DDBC-44AC-9F7F-6941F710A53A}.Release|Any CPU.Build.0 = Release|Any CPU
		{99885E48-CA1E-487C-A5C5-E60E37DB79F7}.Debug|Any CPU.ActiveCfg = Debug|Any CPU
		{99885E48-CA1E-487C-A5C5-E60E37DB79F7}.Debug|Any CPU.Build.0 = Debug|Any CPU
		{99885E48-CA1E-487C-A5C5-E60E37DB79F7}.Release|Any CPU.ActiveCfg = Release|Any CPU
		{99885E48-CA1E-487C-A5C5-E60E37DB79F7}.Release|Any CPU.Build.0 = Release|Any CPU
		{8B524671-A554-4734-99E4-B0886571A802}.Debug|Any CPU.ActiveCfg = Debug|Any CPU
		{8B524671-A554-4734-99E4-B0886571A802}.Debug|Any CPU.Build.0 = Debug|Any CPU
		{8B524671-A554-4734-99E4-B0886571A802}.Release|Any CPU.ActiveCfg = Release|Any CPU
		{8B524671-A554-4734-99E4-B0886571A802}.Release|Any CPU.Build.0 = Release|Any CPU
	EndGlobalSection
	GlobalSection(SolutionProperties) = preSolution
		HideSolutionNode = FALSE
	EndGlobalSection
	GlobalSection(ExtensibilityGlobals) = postSolution
		SolutionGuid = {A5E68280-FDE9-4B69-AF7D-623BD70E87C1}
	EndGlobalSection
EndGlobal
