
Microsoft Visual Studio Solution File, Format Version 12.00
# Visual Studio Version 16
VisualStudioVersion = 16.0.29806.167
MinimumVisualStudioVersion = 10.0.40219.1
Project("{9A19103F-16F7-4668-BE54-9A1E7A4F7556}") = "ConsoleApp1", "ConsoleApp1\ConsoleApp1.csproj", "{5682241C-502B-4A49-A279-926385CA288D}"
EndProject
Project("{9A19103F-16F7-4668-BE54-9A1E7A4F7556}") = "ConsoleApp2", "ConsoleApp2\ConsoleApp2.csproj", "{0DB43A5B-C231-4BD1-85B4-2A80F05DDB27}"
EndProject
Project("{9A19103F-16F7-4668-BE54-9A1E7A4F7556}") = "ConsoleApp3", "ConsoleApp3\ConsoleApp3.csproj", "{79DB9DB6-C42E-418A-960A-2F7A7FB36A86}"
EndProject
Project("{9A19103F-16F7-4668-BE54-9A1E7A4F7556}") = "ConsoleApp4", "ConsoleApp4\ConsoleApp4.csproj", "{9C4E7D89-FD80-49F1-9DA1-2B15EB7EAB66}"
EndProject
Project("{9A19103F-16F7-4668-BE54-9A1E7A4F7556}") = "ConsoleApp5", "ConsoleApp5\ConsoleApp5.csproj", "{E926FB01-DDBC-44AC-9F7F-6941F710A53A}"
EndProject
Project("{9A19103F-16F7-4668-BE54-9A1E7A4F7556}") = "ConsoleApp6", "ConsoleApp6\ConsoleApp6.csproj", "{99885E48-CA1E-487C-A5C5-E60E37DB79F7}"
EndProject
Project("{9A19103F-16F7-4668-BE54-9A1E7A4F7556}") = "ConsoleApp7", "ConsoleApp7\ConsoleApp7.csproj", "{8B524671-A554-4734-99E4-B0886571A802}"
EndProject
Project("{9A19103F-16F7-4668-BE54-9A1E7A4F7556}") = "ConsoleApp8", "ConsoleApp8\ConsoleApp8.csproj", "{E3A904B8-41E6-4252-8B22-5625481E2632}"
EndProject
Project("{9A19103F-16F7-4668-BE54-9A1E7A4F7556}") = "ConsoleApp9", "ConsoleApp9\ConsoleApp9.csproj", "{005F5ACA-CD9E-4332-BB86-A17B6C4CA4EA}"
EndProject
Project("{9A19103F-16F7-4668-BE54-9A1E7A4F7556}") = "ConsoleApp10", "ConsoleApp10\ConsoleApp10.csproj", "{102EA1DD-C15C-4B30-8491-4F324D382379}"
EndProject
Project("{9A19103F-16F7-4668-BE54-9A1E7A4F7556}") = "ConsoleApp11", "ConsoleApp11\ConsoleApp11.csproj", "{CC863926-9655-47AA-94B3-1B7A78083F27}"
EndProject
Project("{9A19103F-16F7-4668-BE54-9A1E7A4F7556}") = "ConsoleApp12", "ConsoleApp12\ConsoleApp12.csproj", "{A5902F04-B63A-49FD-8918-AC86917F37D8}"
EndProject
Project("{9A19103F-16F7-4668-BE54-9A1E7A4F7556}") = "ConsoleApp13", "ConsoleApp13\ConsoleApp13.csproj", "{C6057A24-6B8F-417B-A8D3-A21637FA262B}"
EndProject
Project("{9A19103F-16F7-4668-BE54-9A1E7A4F7556}") = "ConsoleApp14", "ConsoleApp14\ConsoleApp14.csproj", "{39257406-8860-4323-9EF0-1C920CEDA501}"
EndProject
Project("{9A19103F-16F7-4668-BE54-9A1E7A4F7556}") = "ConsoleApp15", "ConsoleApp15\ConsoleApp15.csproj", "{06334D52-FA18-4690-A205-A90B5A27FEE5}"
EndProject
Project("{9A19103F-16F7-4668-BE54-9A1E7A4F7556}") = "ConsoleApp16", "ConsoleApp16\ConsoleApp16.csproj", "{64AC870D-2053-4C88-859D-70E782454B40}"
EndProject
Project("{9A19103F-16F7-4668-BE54-9A1E7A4F7556}") = "ConsoleApp17", "ConsoleApp17\ConsoleApp17.csproj", "{02E992C2-99F4-4BD1-93D6-E08EC25CA21E}"
EndProject
Project("{9A19103F-16F7-4668-BE54-9A1E7A4F7556}") = "ConsoleApp18", "ConsoleApp18\ConsoleApp18.csproj", "{C473B825-D427-417B-B9BF-359A1C232577}"
EndProject
Project("{9A19103F-16F7-4668-BE54-9A1E7A4F7556}") = "ConsoleApp19", "ConsoleApp19\ConsoleApp19.csproj", "{E9706D3B-6F49-41FC-A2AA-682051961181}"
EndProject
Project("{9A19103F-16F7-4668-BE54-9A1E7A4F7556}") = "ConsoleApp20", "ConsoleApp20\ConsoleApp20.csproj", "{14937615-3362-4E64-8A32-96F0EB920882}"
EndProject
Project("{9A19103F-16F7-4668-BE54-9A1E7A4F7556}") = "ConsoleApp21", "ConsoleApp21\ConsoleApp21.csproj", "{D859C2A4-FDB2-4345-AFAC-B064F6530A88}"
EndProject
Project("{9A19103F-16F7-4668-BE54-9A1E7A4F7556}") = "ConsoleApp22", "ConsoleApp22\ConsoleApp22.csproj", "{4B6D4CBB-758E-4695-BF35-04B99FD3826A}"
EndProject
Project("{9A19103F-16F7-4668-BE54-9A1E7A4F7556}") = "ConsoleApp23", "ConsoleApp23\ConsoleApp23.csproj", "{B4B32928-2DA0-4BB6-BE20-4C8670564067}"
EndProject
Project("{9A19103F-16F7-4668-BE54-9A1E7A4F7556}") = "ConsoleApp24", "ConsoleApp24\ConsoleApp24.csproj", "{26677DF2-AB70-4B3A-9B74-47AA1DB08FDB}"
EndProject
Project("{9A19103F-16F7-4668-BE54-9A1E7A4F7556}") = "ConsoleApp25", "ConsoleApp25\ConsoleApp25.csproj", "{924511DF-269C-4D8F-AB40-74228E800E28}"
EndProject
Project("{9A19103F-16F7-4668-BE54-9A1E7A4F7556}") = "ConsoleApp26", "ConsoleApp26\ConsoleApp26.csproj", "{2BE50D34-3AEB-45EF-AC25-C1DF32560BA3}"
EndProject
Project("{9A19103F-16F7-4668-BE54-9A1E7A4F7556}") = "ConsoleApp27", "ConsoleApp27\ConsoleApp27.csproj", "{5C0B75DF-284B-4FBE-8BB3-29B6CC67E23E}"
EndProject
Project("{9A19103F-16F7-4668-BE54-9A1E7A4F7556}") = "ConsoleApp28", "ConsoleApp28\ConsoleApp28.csproj", "{2FC40BB6-234F-4C21-91B7-91BA7A79F6A3}"
EndProject
Project("{9A19103F-16F7-4668-BE54-9A1E7A4F7556}") = "ConsoleApp29", "ConsoleApp29\ConsoleApp29.csproj", "{4215C161-4674-4165-A129-D8320FB98FE9}"
EndProject
Project("{9A19103F-16F7-4668-BE54-9A1E7A4F7556}") = "ConsoleApp30", "ConsoleApp30\ConsoleApp30.csproj", "{BD7074C4-600F-471C-86E6-125148AC1076}"
EndProject
Project("{9A19103F-16F7-4668-BE54-9A1E7A4F7556}") = "ConsoleApp31", "ConsoleApp31\ConsoleApp31.csproj", "{71F12A25-4720-4C49-AB1F-D6962932AF40}"
EndProject
Project("{9A19103F-16F7-4668-BE54-9A1E7A4F7556}") = "ConsoleApp32", "ConsoleApp32\ConsoleApp32.csproj", "{F98D1BDB-B6E4-4668-81F5-0946F9AD04B3}"
EndProject
Project("{9A19103F-16F7-4668-BE54-9A1E7A4F7556}") = "ConsoleApp33", "ConsoleApp33\ConsoleApp33.csproj", "{631556A9-C66A-445E-8EFF-ECFD0E31C634}"
EndProject
Project("{9A19103F-16F7-4668-BE54-9A1E7A4F7556}") = "ConsoleApp34", "ConsoleApp34\ConsoleApp34.csproj", "{74719456-6CB5-4DA4-9DB2-2983B0CD2983}"
EndProject
Project("{9A19103F-16F7-4668-BE54-9A1E7A4F7556}") = "ConsoleApp35", "ConsoleApp35\ConsoleApp35.csproj", "{A9B61675-BB09-430F-81C1-99D11E4C49CB}"
EndProject
Project("{9A19103F-16F7-4668-BE54-9A1E7A4F7556}") = "ConsoleApp36", "ConsoleApp36\ConsoleApp36.csproj", "{3E37B8BC-112A-458E-8074-6596FF7D71C4}"
EndProject
Project("{9A19103F-16F7-4668-BE54-9A1E7A4F7556}") = "ConsoleApp37", "ConsoleApp37\ConsoleApp37.csproj", "{51F988D7-8634-485A-8CAC-B62D0A177552}"
EndProject
Project("{9A19103F-16F7-4668-BE54-9A1E7A4F7556}") = "ConsoleApp38", "ConsoleApp38\ConsoleApp38.csproj", "{7A07CEEE-5B13-4237-AC1A-6793EAB5B77E}"
EndProject
Project("{9A19103F-16F7-4668-BE54-9A1E7A4F7556}") = "ConsoleApp39", "ConsoleApp39\ConsoleApp39.csproj", "{2B083AB8-1078-4DEF-985C-68492B89776A}"
EndProject
Project("{9A19103F-16F7-4668-BE54-9A1E7A4F7556}") = "ConsoleApp40", "ConsoleApp40\ConsoleApp40.csproj", "{98226D64-EBB1-4F32-BD43-B3B2BFEEDB40}"
EndProject
Project("{9A19103F-16F7-4668-BE54-9A1E7A4F7556}") = "ConsoleApp41", "ConsoleApp41\ConsoleApp41.csproj", "{2F985323-3F00-4F84-BEA2-38A58ACB8427}"
EndProject
Project("{9A19103F-16F7-4668-BE54-9A1E7A4F7556}") = "ConsoleApp42", "ConsoleApp42\ConsoleApp42.csproj", "{69BD540C-F5D0-4AD5-A890-63768BAE8021}"
EndProject
Project("{9A19103F-16F7-4668-BE54-9A1E7A4F7556}") = "ConsoleApp43", "ConsoleApp43\ConsoleApp43.csproj", "{9C710FB7-DF23-4BE7-98CE-7F589F3D4D3B}"
EndProject
Project("{9A19103F-16F7-4668-BE54-9A1E7A4F7556}") = "ConsoleApp44", "ConsoleApp44\ConsoleApp44.csproj", "{E9BD8539-66E2-42D4-91FE-F1F0F99D13ED}"
EndProject
Project("{9A19103F-16F7-4668-BE54-9A1E7A4F7556}") = "ConsoleApp45", "ConsoleApp45\ConsoleApp45.csproj", "{8497C295-528E-4DA5-97A6-8E251570BAF7}"
EndProject
Project("{9A19103F-16F7-4668-BE54-9A1E7A4F7556}") = "ConsoleApp46", "ConsoleApp46\ConsoleApp46.csproj", "{5DBC95BB-8AEB-44A7-95F5-B00C09F82406}"
EndProject
Project("{9A19103F-16F7-4668-BE54-9A1E7A4F7556}") = "ConsoleApp47", "ConsoleApp47\ConsoleApp47.csproj", "{260FC83B-6E19-4509-9C4F-663E2BAC6E7D}"
EndProject
Project("{9A19103F-16F7-4668-BE54-9A1E7A4F7556}") = "ConsoleApp48", "ConsoleApp48\ConsoleApp48.csproj", "{0017F9A5-1693-4772-B5CE-415D45370B39}"
EndProject
Project("{9A19103F-16F7-4668-BE54-9A1E7A4F7556}") = "ConsoleApp49", "ConsoleApp49\ConsoleApp49.csproj", "{24DE4C8B-8235-46ED-BE5C-30476A92FF9F}"
EndProject
Project("{FAE04EC0-301F-11D3-BF4B-00C04F79EFBC}") = "ConsoleApp50", "ConsoleApp50\ConsoleApp50.csproj", "{E8B8361F-F8B6-41B2-ABBA-540A50560D9D}"
EndProject
Project("{FAE04EC0-301F-11D3-BF4B-00C04F79EFBC}") = "ConsoleApp51", "ConsoleApp51\ConsoleApp51.csproj", "{E5E69D6D-E0B9-4FCA-8776-086E7A565069}"
EndProject
Global
	GlobalSection(SolutionConfigurationPlatforms) = preSolution
		Debug|Any CPU = Debug|Any CPU
		Release|Any CPU = Release|Any CPU
	EndGlobalSection
	GlobalSection(ProjectConfigurationPlatforms) = postSolution
		{5682241C-502B-4A49-A279-926385CA288D}.Debug|Any CPU.ActiveCfg = Debug|Any CPU
		{5682241C-502B-4A49-A279-926385CA288D}.Debug|Any CPU.Build.0 = Debug|Any CPU
		{5682241C-502B-4A49-A279-926385CA288D}.Release|Any CPU.ActiveCfg = Release|Any CPU
		{5682241C-502B-4A49-A279-926385CA288D}.Release|Any CPU.Build.0 = Release|Any CPU
		{0DB43A5B-C231-4BD1-85B4-2A80F05DDB27}.Debug|Any CPU.ActiveCfg = Debug|Any CPU
		{0DB43A5B-C231-4BD1-85B4-2A80F05DDB27}.Debug|Any CPU.Build.0 = Debug|Any CPU
		{0DB43A5B-C231-4BD1-85B4-2A80F05DDB27}.Release|Any CPU.ActiveCfg = Release|Any CPU
		{0DB43A5B-C231-4BD1-85B4-2A80F05DDB27}.Release|Any CPU.Build.0 = Release|Any CPU
		{79DB9DB6-C42E-418A-960A-2F7A7FB36A86}.Debug|Any CPU.ActiveCfg = Debug|Any CPU
		{79DB9DB6-C42E-418A-960A-2F7A7FB36A86}.Debug|Any CPU.Build.0 = Debug|Any CPU
		{79DB9DB6-C42E-418A-960A-2F7A7FB36A86}.Release|Any CPU.ActiveCfg = Release|Any CPU
		{79DB9DB6-C42E-418A-960A-2F7A7FB36A86}.Release|Any CPU.Build.0 = Release|Any CPU
		{9C4E7D89-FD80-49F1-9DA1-2B15EB7EAB66}.Debug|Any CPU.ActiveCfg = Debug|Any CPU
		{9C4E7D89-FD80-49F1-9DA1-2B15EB7EAB66}.Debug|Any CPU.Build.0 = Debug|Any CPU
		{9C4E7D89-FD80-49F1-9DA1-2B15EB7EAB66}.Release|Any CPU.ActiveCfg = Release|Any CPU
		{9C4E7D89-FD80-49F1-9DA1-2B15EB7EAB66}.Release|Any CPU.Build.0 = Release|Any CPU
		{E926FB01-DDBC-44AC-9F7F-6941F710A53A}.Debug|Any CPU.ActiveCfg = Debug|Any CPU
		{E926FB01-DDBC-44AC-9F7F-6941F710A53A}.Debug|Any CPU.Build.0 = Debug|Any CPU
		{E926FB01-DDBC-44AC-9F7F-6941F710A53A}.Release|Any CPU.ActiveCfg = Release|Any CPU
		{E926FB01-DDBC-44AC-9F7F-6941F710A53A}.Release|Any CPU.Build.0 = Release|Any CPU
		{99885E48-CA1E-487C-A5C5-E60E37DB79F7}.Debug|Any CPU.ActiveCfg = Debug|Any CPU
		{99885E48-CA1E-487C-A5C5-E60E37DB79F7}.Debug|Any CPU.Build.0 = Debug|Any CPU
		{99885E48-CA1E-487C-A5C5-E60E37DB79F7}.Release|Any CPU.ActiveCfg = Release|Any CPU
		{99885E48-CA1E-487C-A5C5-E60E37DB79F7}.Release|Any CPU.Build.0 = Release|Any CPU
		{8B524671-A554-4734-99E4-B0886571A802}.Debug|Any CPU.ActiveCfg = Debug|Any CPU
		{8B524671-A554-4734-99E4-B0886571A802}.Debug|Any CPU.Build.0 = Debug|Any CPU
		{8B524671-A554-4734-99E4-B0886571A802}.Release|Any CPU.ActiveCfg = Release|Any CPU
		{8B524671-A554-4734-99E4-B0886571A802}.Release|Any CPU.Build.0 = Release|Any CPU
		{E3A904B8-41E6-4252-8B22-5625481E2632}.Debug|Any CPU.ActiveCfg = Debug|Any CPU
		{E3A904B8-41E6-4252-8B22-5625481E2632}.Debug|Any CPU.Build.0 = Debug|Any CPU
		{E3A904B8-41E6-4252-8B22-5625481E2632}.Release|Any CPU.ActiveCfg = Release|Any CPU
		{E3A904B8-41E6-4252-8B22-5625481E2632}.Release|Any CPU.Build.0 = Release|Any CPU
		{005F5ACA-CD9E-4332-BB86-A17B6C4CA4EA}.Debug|Any CPU.ActiveCfg = Debug|Any CPU
		{005F5ACA-CD9E-4332-BB86-A17B6C4CA4EA}.Debug|Any CPU.Build.0 = Debug|Any CPU
		{005F5ACA-CD9E-4332-BB86-A17B6C4CA4EA}.Release|Any CPU.ActiveCfg = Release|Any CPU
		{005F5ACA-CD9E-4332-BB86-A17B6C4CA4EA}.Release|Any CPU.Build.0 = Release|Any CPU
		{102EA1DD-C15C-4B30-8491-4F324D382379}.Debug|Any CPU.ActiveCfg = Debug|Any CPU
		{102EA1DD-C15C-4B30-8491-4F324D382379}.Debug|Any CPU.Build.0 = Debug|Any CPU
		{102EA1DD-C15C-4B30-8491-4F324D382379}.Release|Any CPU.ActiveCfg = Release|Any CPU
		{102EA1DD-C15C-4B30-8491-4F324D382379}.Release|Any CPU.Build.0 = Release|Any CPU
		{CC863926-9655-47AA-94B3-1B7A78083F27}.Debug|Any CPU.ActiveCfg = Debug|Any CPU
		{CC863926-9655-47AA-94B3-1B7A78083F27}.Debug|Any CPU.Build.0 = Debug|Any CPU
		{CC863926-9655-47AA-94B3-1B7A78083F27}.Release|Any CPU.ActiveCfg = Release|Any CPU
		{CC863926-9655-47AA-94B3-1B7A78083F27}.Release|Any CPU.Build.0 = Release|Any CPU
		{A5902F04-B63A-49FD-8918-AC86917F37D8}.Debug|Any CPU.ActiveCfg = Debug|Any CPU
		{A5902F04-B63A-49FD-8918-AC86917F37D8}.Debug|Any CPU.Build.0 = Debug|Any CPU
		{A5902F04-B63A-49FD-8918-AC86917F37D8}.Release|Any CPU.ActiveCfg = Release|Any CPU
		{A5902F04-B63A-49FD-8918-AC86917F37D8}.Release|Any CPU.Build.0 = Release|Any CPU
		{C6057A24-6B8F-417B-A8D3-A21637FA262B}.Debug|Any CPU.ActiveCfg = Debug|Any CPU
		{C6057A24-6B8F-417B-A8D3-A21637FA262B}.Debug|Any CPU.Build.0 = Debug|Any CPU
		{C6057A24-6B8F-417B-A8D3-A21637FA262B}.Release|Any CPU.ActiveCfg = Release|Any CPU
		{C6057A24-6B8F-417B-A8D3-A21637FA262B}.Release|Any CPU.Build.0 = Release|Any CPU
		{39257406-8860-4323-9EF0-1C920CEDA501}.Debug|Any CPU.ActiveCfg = Debug|Any CPU
		{39257406-8860-4323-9EF0-1C920CEDA501}.Debug|Any CPU.Build.0 = Debug|Any CPU
		{39257406-8860-4323-9EF0-1C920CEDA501}.Release|Any CPU.ActiveCfg = Release|Any CPU
		{39257406-8860-4323-9EF0-1C920CEDA501}.Release|Any CPU.Build.0 = Release|Any CPU
		{06334D52-FA18-4690-A205-A90B5A27FEE5}.Debug|Any CPU.ActiveCfg = Debug|Any CPU
		{06334D52-FA18-4690-A205-A90B5A27FEE5}.Debug|Any CPU.Build.0 = Debug|Any CPU
		{06334D52-FA18-4690-A205-A90B5A27FEE5}.Release|Any CPU.ActiveCfg = Release|Any CPU
		{06334D52-FA18-4690-A205-A90B5A27FEE5}.Release|Any CPU.Build.0 = Release|Any CPU
		{64AC870D-2053-4C88-859D-70E782454B40}.Debug|Any CPU.ActiveCfg = Debug|Any CPU
		{64AC870D-2053-4C88-859D-70E782454B40}.Debug|Any CPU.Build.0 = Debug|Any CPU
		{64AC870D-2053-4C88-859D-70E782454B40}.Release|Any CPU.ActiveCfg = Release|Any CPU
		{64AC870D-2053-4C88-859D-70E782454B40}.Release|Any CPU.Build.0 = Release|Any CPU
		{02E992C2-99F4-4BD1-93D6-E08EC25CA21E}.Debug|Any CPU.ActiveCfg = Debug|Any CPU
		{02E992C2-99F4-4BD1-93D6-E08EC25CA21E}.Debug|Any CPU.Build.0 = Debug|Any CPU
		{02E992C2-99F4-4BD1-93D6-E08EC25CA21E}.Release|Any CPU.ActiveCfg = Release|Any CPU
		{02E992C2-99F4-4BD1-93D6-E08EC25CA21E}.Release|Any CPU.Build.0 = Release|Any CPU
		{C473B825-D427-417B-B9BF-359A1C232577}.Debug|Any CPU.ActiveCfg = Debug|Any CPU
		{C473B825-D427-417B-B9BF-359A1C232577}.Debug|Any CPU.Build.0 = Debug|Any CPU
		{C473B825-D427-417B-B9BF-359A1C232577}.Release|Any CPU.ActiveCfg = Release|Any CPU
		{C473B825-D427-417B-B9BF-359A1C232577}.Release|Any CPU.Build.0 = Release|Any CPU
		{E9706D3B-6F49-41FC-A2AA-682051961181}.Debug|Any CPU.ActiveCfg = Debug|Any CPU
		{E9706D3B-6F49-41FC-A2AA-682051961181}.Debug|Any CPU.Build.0 = Debug|Any CPU
		{E9706D3B-6F49-41FC-A2AA-682051961181}.Release|Any CPU.ActiveCfg = Release|Any CPU
		{E9706D3B-6F49-41FC-A2AA-682051961181}.Release|Any CPU.Build.0 = Release|Any CPU
		{14937615-3362-4E64-8A32-96F0EB920882}.Debug|Any CPU.ActiveCfg = Debug|Any CPU
		{14937615-3362-4E64-8A32-96F0EB920882}.Debug|Any CPU.Build.0 = Debug|Any CPU
		{14937615-3362-4E64-8A32-96F0EB920882}.Release|Any CPU.ActiveCfg = Release|Any CPU
		{14937615-3362-4E64-8A32-96F0EB920882}.Release|Any CPU.Build.0 = Release|Any CPU
		{D859C2A4-FDB2-4345-AFAC-B064F6530A88}.Debug|Any CPU.ActiveCfg = Debug|Any CPU
		{D859C2A4-FDB2-4345-AFAC-B064F6530A88}.Debug|Any CPU.Build.0 = Debug|Any CPU
		{D859C2A4-FDB2-4345-AFAC-B064F6530A88}.Release|Any CPU.ActiveCfg = Release|Any CPU
		{D859C2A4-FDB2-4345-AFAC-B064F6530A88}.Release|Any CPU.Build.0 = Release|Any CPU
		{4B6D4CBB-758E-4695-BF35-04B99FD3826A}.Debug|Any CPU.ActiveCfg = Debug|Any CPU
		{4B6D4CBB-758E-4695-BF35-04B99FD3826A}.Debug|Any CPU.Build.0 = Debug|Any CPU
		{4B6D4CBB-758E-4695-BF35-04B99FD3826A}.Release|Any CPU.ActiveCfg = Release|Any CPU
		{4B6D4CBB-758E-4695-BF35-04B99FD3826A}.Release|Any CPU.Build.0 = Release|Any CPU
		{B4B32928-2DA0-4BB6-BE20-4C8670564067}.Debug|Any CPU.ActiveCfg = Debug|Any CPU
		{B4B32928-2DA0-4BB6-BE20-4C8670564067}.Debug|Any CPU.Build.0 = Debug|Any CPU
		{B4B32928-2DA0-4BB6-BE20-4C8670564067}.Release|Any CPU.ActiveCfg = Release|Any CPU
		{B4B32928-2DA0-4BB6-BE20-4C8670564067}.Release|Any CPU.Build.0 = Release|Any CPU
		{26677DF2-AB70-4B3A-9B74-47AA1DB08FDB}.Debug|Any CPU.ActiveCfg = Debug|Any CPU
		{26677DF2-AB70-4B3A-9B74-47AA1DB08FDB}.Debug|Any CPU.Build.0 = Debug|Any CPU
		{26677DF2-AB70-4B3A-9B74-47AA1DB08FDB}.Release|Any CPU.ActiveCfg = Release|Any CPU
		{26677DF2-AB70-4B3A-9B74-47AA1DB08FDB}.Release|Any CPU.Build.0 = Release|Any CPU
		{924511DF-269C-4D8F-AB40-74228E800E28}.Debug|Any CPU.ActiveCfg = Debug|Any CPU
		{924511DF-269C-4D8F-AB40-74228E800E28}.Debug|Any CPU.Build.0 = Debug|Any CPU
		{924511DF-269C-4D8F-AB40-74228E800E28}.Release|Any CPU.ActiveCfg = Release|Any CPU
		{924511DF-269C-4D8F-AB40-74228E800E28}.Release|Any CPU.Build.0 = Release|Any CPU
		{2BE50D34-3AEB-45EF-AC25-C1DF32560BA3}.Debug|Any CPU.ActiveCfg = Debug|Any CPU
		{2BE50D34-3AEB-45EF-AC25-C1DF32560BA3}.Debug|Any CPU.Build.0 = Debug|Any CPU
		{2BE50D34-3AEB-45EF-AC25-C1DF32560BA3}.Release|Any CPU.ActiveCfg = Release|Any CPU
		{2BE50D34-3AEB-45EF-AC25-C1DF32560BA3}.Release|Any CPU.Build.0 = Release|Any CPU
		{5C0B75DF-284B-4FBE-8BB3-29B6CC67E23E}.Debug|Any CPU.ActiveCfg = Debug|Any CPU
		{5C0B75DF-284B-4FBE-8BB3-29B6CC67E23E}.Debug|Any CPU.Build.0 = Debug|Any CPU
		{5C0B75DF-284B-4FBE-8BB3-29B6CC67E23E}.Release|Any CPU.ActiveCfg = Release|Any CPU
		{5C0B75DF-284B-4FBE-8BB3-29B6CC67E23E}.Release|Any CPU.Build.0 = Release|Any CPU
		{2FC40BB6-234F-4C21-91B7-91BA7A79F6A3}.Debug|Any CPU.ActiveCfg = Debug|Any CPU
		{2FC40BB6-234F-4C21-91B7-91BA7A79F6A3}.Debug|Any CPU.Build.0 = Debug|Any CPU
		{2FC40BB6-234F-4C21-91B7-91BA7A79F6A3}.Release|Any CPU.ActiveCfg = Release|Any CPU
		{2FC40BB6-234F-4C21-91B7-91BA7A79F6A3}.Release|Any CPU.Build.0 = Release|Any CPU
		{4215C161-4674-4165-A129-D8320FB98FE9}.Debug|Any CPU.ActiveCfg = Debug|Any CPU
		{4215C161-4674-4165-A129-D8320FB98FE9}.Debug|Any CPU.Build.0 = Debug|Any CPU
		{4215C161-4674-4165-A129-D8320FB98FE9}.Release|Any CPU.ActiveCfg = Release|Any CPU
		{4215C161-4674-4165-A129-D8320FB98FE9}.Release|Any CPU.Build.0 = Release|Any CPU
		{BD7074C4-600F-471C-86E6-125148AC1076}.Debug|Any CPU.ActiveCfg = Debug|Any CPU
		{BD7074C4-600F-471C-86E6-125148AC1076}.Debug|Any CPU.Build.0 = Debug|Any CPU
		{BD7074C4-600F-471C-86E6-125148AC1076}.Release|Any CPU.ActiveCfg = Release|Any CPU
		{BD7074C4-600F-471C-86E6-125148AC1076}.Release|Any CPU.Build.0 = Release|Any CPU
		{71F12A25-4720-4C49-AB1F-D6962932AF40}.Debug|Any CPU.ActiveCfg = Debug|Any CPU
		{71F12A25-4720-4C49-AB1F-D6962932AF40}.Debug|Any CPU.Build.0 = Debug|Any CPU
		{71F12A25-4720-4C49-AB1F-D6962932AF40}.Release|Any CPU.ActiveCfg = Release|Any CPU
		{71F12A25-4720-4C49-AB1F-D6962932AF40}.Release|Any CPU.Build.0 = Release|Any CPU
		{F98D1BDB-B6E4-4668-81F5-0946F9AD04B3}.Debug|Any CPU.ActiveCfg = Debug|Any CPU
		{F98D1BDB-B6E4-4668-81F5-0946F9AD04B3}.Debug|Any CPU.Build.0 = Debug|Any CPU
		{F98D1BDB-B6E4-4668-81F5-0946F9AD04B3}.Release|Any CPU.ActiveCfg = Release|Any CPU
		{F98D1BDB-B6E4-4668-81F5-0946F9AD04B3}.Release|Any CPU.Build.0 = Release|Any CPU
		{631556A9-C66A-445E-8EFF-ECFD0E31C634}.Debug|Any CPU.ActiveCfg = Debug|Any CPU
		{631556A9-C66A-445E-8EFF-ECFD0E31C634}.Debug|Any CPU.Build.0 = Debug|Any CPU
		{631556A9-C66A-445E-8EFF-ECFD0E31C634}.Release|Any CPU.ActiveCfg = Release|Any CPU
		{631556A9-C66A-445E-8EFF-ECFD0E31C634}.Release|Any CPU.Build.0 = Release|Any CPU
		{74719456-6CB5-4DA4-9DB2-2983B0CD2983}.Debug|Any CPU.ActiveCfg = Debug|Any CPU
		{74719456-6CB5-4DA4-9DB2-2983B0CD2983}.Debug|Any CPU.Build.0 = Debug|Any CPU
		{74719456-6CB5-4DA4-9DB2-2983B0CD2983}.Release|Any CPU.ActiveCfg = Release|Any CPU
		{74719456-6CB5-4DA4-9DB2-2983B0CD2983}.Release|Any CPU.Build.0 = Release|Any CPU
		{A9B61675-BB09-430F-81C1-99D11E4C49CB}.Debug|Any CPU.ActiveCfg = Debug|Any CPU
		{A9B61675-BB09-430F-81C1-99D11E4C49CB}.Debug|Any CPU.Build.0 = Debug|Any CPU
		{A9B61675-BB09-430F-81C1-99D11E4C49CB}.Release|Any CPU.ActiveCfg = Release|Any CPU
		{A9B61675-BB09-430F-81C1-99D11E4C49CB}.Release|Any CPU.Build.0 = Release|Any CPU
		{3E37B8BC-112A-458E-8074-6596FF7D71C4}.Debug|Any CPU.ActiveCfg = Debug|Any CPU
		{3E37B8BC-112A-458E-8074-6596FF7D71C4}.Debug|Any CPU.Build.0 = Debug|Any CPU
		{3E37B8BC-112A-458E-8074-6596FF7D71C4}.Release|Any CPU.ActiveCfg = Release|Any CPU
		{3E37B8BC-112A-458E-8074-6596FF7D71C4}.Release|Any CPU.Build.0 = Release|Any CPU
		{51F988D7-8634-485A-8CAC-B62D0A177552}.Debug|Any CPU.ActiveCfg = Debug|Any CPU
		{51F988D7-8634-485A-8CAC-B62D0A177552}.Debug|Any CPU.Build.0 = Debug|Any CPU
		{51F988D7-8634-485A-8CAC-B62D0A177552}.Release|Any CPU.ActiveCfg = Release|Any CPU
		{51F988D7-8634-485A-8CAC-B62D0A177552}.Release|Any CPU.Build.0 = Release|Any CPU
		{7A07CEEE-5B13-4237-AC1A-6793EAB5B77E}.Debug|Any CPU.ActiveCfg = Debug|Any CPU
		{7A07CEEE-5B13-4237-AC1A-6793EAB5B77E}.Debug|Any CPU.Build.0 = Debug|Any CPU
		{7A07CEEE-5B13-4237-AC1A-6793EAB5B77E}.Release|Any CPU.ActiveCfg = Release|Any CPU
		{7A07CEEE-5B13-4237-AC1A-6793EAB5B77E}.Release|Any CPU.Build.0 = Release|Any CPU
		{2B083AB8-1078-4DEF-985C-68492B89776A}.Debug|Any CPU.ActiveCfg = Debug|Any CPU
		{2B083AB8-1078-4DEF-985C-68492B89776A}.Debug|Any CPU.Build.0 = Debug|Any CPU
		{2B083AB8-1078-4DEF-985C-68492B89776A}.Release|Any CPU.ActiveCfg = Release|Any CPU
		{2B083AB8-1078-4DEF-985C-68492B89776A}.Release|Any CPU.Build.0 = Release|Any CPU
		{98226D64-EBB1-4F32-BD43-B3B2BFEEDB40}.Debug|Any CPU.ActiveCfg = Debug|Any CPU
		{98226D64-EBB1-4F32-BD43-B3B2BFEEDB40}.Debug|Any CPU.Build.0 = Debug|Any CPU
		{98226D64-EBB1-4F32-BD43-B3B2BFEEDB40}.Release|Any CPU.ActiveCfg = Release|Any CPU
		{98226D64-EBB1-4F32-BD43-B3B2BFEEDB40}.Release|Any CPU.Build.0 = Release|Any CPU
		{2F985323-3F00-4F84-BEA2-38A58ACB8427}.Debug|Any CPU.ActiveCfg = Debug|Any CPU
		{2F985323-3F00-4F84-BEA2-38A58ACB8427}.Debug|Any CPU.Build.0 = Debug|Any CPU
		{2F985323-3F00-4F84-BEA2-38A58ACB8427}.Release|Any CPU.ActiveCfg = Release|Any CPU
		{2F985323-3F00-4F84-BEA2-38A58ACB8427}.Release|Any CPU.Build.0 = Release|Any CPU
		{69BD540C-F5D0-4AD5-A890-63768BAE8021}.Debug|Any CPU.ActiveCfg = Debug|Any CPU
		{69BD540C-F5D0-4AD5-A890-63768BAE8021}.Debug|Any CPU.Build.0 = Debug|Any CPU
		{69BD540C-F5D0-4AD5-A890-63768BAE8021}.Release|Any CPU.ActiveCfg = Release|Any CPU
		{69BD540C-F5D0-4AD5-A890-63768BAE8021}.Release|Any CPU.Build.0 = Release|Any CPU
		{9C710FB7-DF23-4BE7-98CE-7F589F3D4D3B}.Debug|Any CPU.ActiveCfg = Debug|Any CPU
		{9C710FB7-DF23-4BE7-98CE-7F589F3D4D3B}.Debug|Any CPU.Build.0 = Debug|Any CPU
		{9C710FB7-DF23-4BE7-98CE-7F589F3D4D3B}.Release|Any CPU.ActiveCfg = Release|Any CPU
		{9C710FB7-DF23-4BE7-98CE-7F589F3D4D3B}.Release|Any CPU.Build.0 = Release|Any CPU
		{E9BD8539-66E2-42D4-91FE-F1F0F99D13ED}.Debug|Any CPU.ActiveCfg = Debug|Any CPU
		{E9BD8539-66E2-42D4-91FE-F1F0F99D13ED}.Debug|Any CPU.Build.0 = Debug|Any CPU
		{E9BD8539-66E2-42D4-91FE-F1F0F99D13ED}.Release|Any CPU.ActiveCfg = Release|Any CPU
		{E9BD8539-66E2-42D4-91FE-F1F0F99D13ED}.Release|Any CPU.Build.0 = Release|Any CPU
		{8497C295-528E-4DA5-97A6-8E251570BAF7}.Debug|Any CPU.ActiveCfg = Debug|Any CPU
		{8497C295-528E-4DA5-97A6-8E251570BAF7}.Debug|Any CPU.Build.0 = Debug|Any CPU
		{8497C295-528E-4DA5-97A6-8E251570BAF7}.Release|Any CPU.ActiveCfg = Release|Any CPU
		{8497C295-528E-4DA5-97A6-8E251570BAF7}.Release|Any CPU.Build.0 = Release|Any CPU
		{5DBC95BB-8AEB-44A7-95F5-B00C09F82406}.Debug|Any CPU.ActiveCfg = Debug|Any CPU
		{5DBC95BB-8AEB-44A7-95F5-B00C09F82406}.Debug|Any CPU.Build.0 = Debug|Any CPU
		{5DBC95BB-8AEB-44A7-95F5-B00C09F82406}.Release|Any CPU.ActiveCfg = Release|Any CPU
		{5DBC95BB-8AEB-44A7-95F5-B00C09F82406}.Release|Any CPU.Build.0 = Release|Any CPU
		{260FC83B-6E19-4509-9C4F-663E2BAC6E7D}.Debug|Any CPU.ActiveCfg = Debug|Any CPU
		{260FC83B-6E19-4509-9C4F-663E2BAC6E7D}.Debug|Any CPU.Build.0 = Debug|Any CPU
		{260FC83B-6E19-4509-9C4F-663E2BAC6E7D}.Release|Any CPU.ActiveCfg = Release|Any CPU
		{260FC83B-6E19-4509-9C4F-663E2BAC6E7D}.Release|Any CPU.Build.0 = Release|Any CPU
		{0017F9A5-1693-4772-B5CE-415D45370B39}.Debug|Any CPU.ActiveCfg = Debug|Any CPU
		{0017F9A5-1693-4772-B5CE-415D45370B39}.Debug|Any CPU.Build.0 = Debug|Any CPU
		{0017F9A5-1693-4772-B5CE-415D45370B39}.Release|Any CPU.ActiveCfg = Release|Any CPU
		{0017F9A5-1693-4772-B5CE-415D45370B39}.Release|Any CPU.Build.0 = Release|Any CPU
		{24DE4C8B-8235-46ED-BE5C-30476A92FF9F}.Debug|Any CPU.ActiveCfg = Debug|Any CPU
		{24DE4C8B-8235-46ED-BE5C-30476A92FF9F}.Debug|Any CPU.Build.0 = Debug|Any CPU
		{24DE4C8B-8235-46ED-BE5C-30476A92FF9F}.Release|Any CPU.ActiveCfg = Release|Any CPU
		{24DE4C8B-8235-46ED-BE5C-30476A92FF9F}.Release|Any CPU.Build.0 = Release|Any CPU
		{E8B8361F-F8B6-41B2-ABBA-540A50560D9D}.Debug|Any CPU.ActiveCfg = Debug|Any CPU
		{E8B8361F-F8B6-41B2-ABBA-540A50560D9D}.Debug|Any CPU.Build.0 = Debug|Any CPU
		{E8B8361F-F8B6-41B2-ABBA-540A50560D9D}.Release|Any CPU.ActiveCfg = Release|Any CPU
		{E8B8361F-F8B6-41B2-ABBA-540A50560D9D}.Release|Any CPU.Build.0 = Release|Any CPU
		{E5E69D6D-E0B9-4FCA-8776-086E7A565069}.Debug|Any CPU.ActiveCfg = Debug|Any CPU
		{E5E69D6D-E0B9-4FCA-8776-086E7A565069}.Debug|Any CPU.Build.0 = Debug|Any CPU
		{E5E69D6D-E0B9-4FCA-8776-086E7A565069}.Release|Any CPU.ActiveCfg = Release|Any CPU
		{E5E69D6D-E0B9-4FCA-8776-086E7A565069}.Release|Any CPU.Build.0 = Release|Any CPU
	EndGlobalSection
	GlobalSection(SolutionProperties) = preSolution
		HideSolutionNode = FALSE
	EndGlobalSection
	GlobalSection(ExtensibilityGlobals) = postSolution
		SolutionGuid = {A5E68280-FDE9-4B69-AF7D-623BD70E87C1}
	EndGlobalSection
EndGlobal
